
Microsoft Visual Studio Solution File, Format Version 12.00
# Visual Studio Version 16
VisualStudioVersion = 16.0.31702.278
MinimumVisualStudioVersion = 10.0.40219.1
Project("{FAE04EC0-301F-11D3-BF4B-00C04F79EFBC}") = "Task2-4", "Task2-4\Task2-4.csproj", "{2077AD62-8745-4574-BAE5-14401DF462CD}"
EndProject
Global
	GlobalSection(SolutionConfigurationPlatforms) = preSolution
		Debug|Any CPU = Debug|Any CPU
		Release|Any CPU = Release|Any CPU
	EndGlobalSection
	GlobalSection(ProjectConfigurationPlatforms) = postSolution
		{2077AD62-8745-4574-BAE5-14401DF462CD}.Debug|Any CPU.ActiveCfg = Debug|Any CPU
		{2077AD62-8745-4574-BAE5-14401DF462CD}.Debug|Any CPU.Build.0 = Debug|Any CPU
		{2077AD62-8745-4574-BAE5-14401DF462CD}.Release|Any CPU.ActiveCfg = Release|Any CPU
		{2077AD62-8745-4574-BAE5-14401DF462CD}.Release|Any CPU.Build.0 = Release|Any CPU
	EndGlobalSection
	GlobalSection(SolutionProperties) = preSolution
		HideSolutionNode = FALSE
	EndGlobalSection
	GlobalSection(ExtensibilityGlobals) = postSolution
		SolutionGuid = {438FB2DC-19CF-4322-A655-53671EF0B7CE}
	EndGlobalSection
EndGlobal
