
Microsoft Visual Studio Solution File, Format Version 12.00
# Visual Studio Version 16
VisualStudioVersion = 16.0.31702.278
MinimumVisualStudioVersion = 10.0.40219.1
Project("{FAE04EC0-301F-11D3-BF4B-00C04F79EFBC}") = "Task3-2", "Task3-2\Task3-2.csproj", "{BD742463-58FF-4CFA-8888-4D487A4565BF}"
EndProject
Global
	GlobalSection(SolutionConfigurationPlatforms) = preSolution
		Debug|Any CPU = Debug|Any CPU
		Release|Any CPU = Release|Any CPU
	EndGlobalSection
	GlobalSection(ProjectConfigurationPlatforms) = postSolution
		{BD742463-58FF-4CFA-8888-4D487A4565BF}.Debug|Any CPU.ActiveCfg = Debug|Any CPU
		{BD742463-58FF-4CFA-8888-4D487A4565BF}.Debug|Any CPU.Build.0 = Debug|Any CPU
		{BD742463-58FF-4CFA-8888-4D487A4565BF}.Release|Any CPU.ActiveCfg = Release|Any CPU
		{BD742463-58FF-4CFA-8888-4D487A4565BF}.Release|Any CPU.Build.0 = Release|Any CPU
	EndGlobalSection
	GlobalSection(SolutionProperties) = preSolution
		HideSolutionNode = FALSE
	EndGlobalSection
	GlobalSection(ExtensibilityGlobals) = postSolution
		SolutionGuid = {4F6E7CF2-1772-4919-AC67-E0A4DCB8E113}
	EndGlobalSection
EndGlobal
