
Microsoft Visual Studio Solution File, Format Version 12.00
# Visual Studio Version 16
VisualStudioVersion = 16.0.31702.278
MinimumVisualStudioVersion = 10.0.40219.1
Project("{FAE04EC0-301F-11D3-BF4B-00C04F79EFBC}") = "Task3-4", "Task3-4\Task3-4.csproj", "{599877B1-64E5-4167-A5F5-F0A05EB526C3}"
EndProject
Global
	GlobalSection(SolutionConfigurationPlatforms) = preSolution
		Debug|Any CPU = Debug|Any CPU
		Release|Any CPU = Release|Any CPU
	EndGlobalSection
	GlobalSection(ProjectConfigurationPlatforms) = postSolution
		{599877B1-64E5-4167-A5F5-F0A05EB526C3}.Debug|Any CPU.ActiveCfg = Debug|Any CPU
		{599877B1-64E5-4167-A5F5-F0A05EB526C3}.Debug|Any CPU.Build.0 = Debug|Any CPU
		{599877B1-64E5-4167-A5F5-F0A05EB526C3}.Release|Any CPU.ActiveCfg = Release|Any CPU
		{599877B1-64E5-4167-A5F5-F0A05EB526C3}.Release|Any CPU.Build.0 = Release|Any CPU
	EndGlobalSection
	GlobalSection(SolutionProperties) = preSolution
		HideSolutionNode = FALSE
	EndGlobalSection
	GlobalSection(ExtensibilityGlobals) = postSolution
		SolutionGuid = {7B09D6AC-0B29-415D-BC04-1703C990665B}
	EndGlobalSection
EndGlobal
