
Microsoft Visual Studio Solution File, Format Version 12.00
# Visual Studio Version 16
VisualStudioVersion = 16.0.31702.278
MinimumVisualStudioVersion = 10.0.40219.1
Project("{FAE04EC0-301F-11D3-BF4B-00C04F79EFBC}") = "Task3-3", "Task3-3\Task3-3.csproj", "{747653B4-E802-4966-828B-807FCF020610}"
EndProject
Global
	GlobalSection(SolutionConfigurationPlatforms) = preSolution
		Debug|Any CPU = Debug|Any CPU
		Release|Any CPU = Release|Any CPU
	EndGlobalSection
	GlobalSection(ProjectConfigurationPlatforms) = postSolution
		{747653B4-E802-4966-828B-807FCF020610}.Debug|Any CPU.ActiveCfg = Debug|Any CPU
		{747653B4-E802-4966-828B-807FCF020610}.Debug|Any CPU.Build.0 = Debug|Any CPU
		{747653B4-E802-4966-828B-807FCF020610}.Release|Any CPU.ActiveCfg = Release|Any CPU
		{747653B4-E802-4966-828B-807FCF020610}.Release|Any CPU.Build.0 = Release|Any CPU
	EndGlobalSection
	GlobalSection(SolutionProperties) = preSolution
		HideSolutionNode = FALSE
	EndGlobalSection
	GlobalSection(ExtensibilityGlobals) = postSolution
		SolutionGuid = {23663DF8-13EB-43A0-BD92-65F61E4EF965}
	EndGlobalSection
EndGlobal
